# generated by rye
# use `rye lock` or `rye sync` to update this lockfile
#
# last locked with the following flags:
#   pre: false
#   features: []
#   all-features: false
#   with-sources: false

-e file:.
appnope==0.1.4
    # via ipykernel
asttokens==2.4.1
    # via stack-data
certifi==2024.7.4
    # via pyogrio
    # via pyproj
    # via requests
charset-normalizer==3.3.2
    # via requests
click==8.1.7
    # via typer
comm==0.2.2
    # via ipykernel
debugpy==1.8.2
    # via ipykernel
decorator==5.1.1
    # via ipython
exceptiongroup==1.2.2
    # via ipython
executing==2.0.1
    # via stack-data
geopandas==1.0.1
    # via bhoonidhi-downloader
idna==3.7
    # via requests
ipykernel==6.29.5
ipython==8.26.0
    # via ipykernel
jedi==0.19.1
    # via ipython
jupyter-client==8.6.2
    # via ipykernel
jupyter-core==5.7.2
    # via ipykernel
    # via jupyter-client
markdown-it-py==3.0.0
    # via rich
matplotlib-inline==0.1.7
    # via ipykernel
    # via ipython
mdurl==0.1.2
    # via markdown-it-py
nest-asyncio==1.6.0
    # via ipykernel
numpy==2.0.0
    # via geopandas
    # via pandas
    # via pyogrio
    # via shapely
packaging==24.1
    # via geopandas
    # via ipykernel
    # via pyogrio
pandas==2.2.2
    # via geopandas
parso==0.8.4
    # via jedi
pexpect==4.9.0
    # via ipython
platformdirs==4.2.2
    # via jupyter-core
prompt-toolkit==3.0.47
    # via ipython
psutil==6.0.0
    # via ipykernel
ptyprocess==0.7.0
    # via pexpect
pure-eval==0.2.2
    # via stack-data
pygments==2.18.0
    # via ipython
    # via rich
pyogrio==0.9.0
    # via geopandas
pyproj==3.6.1
    # via geopandas
python-dateutil==2.9.0.post0
    # via jupyter-client
    # via pandas
pytz==2024.1
    # via pandas
pyzmq==26.0.3
    # via ipykernel
    # via jupyter-client
requests==2.32.3
    # via bhoonidhi-downloader
rich==13.7.1
    # via typer
shapely==2.0.5
    # via geopandas
shellingham==1.5.4
    # via typer
six==1.16.0
    # via asttokens
    # via python-dateutil
stack-data==0.6.3
    # via ipython
tornado==6.4.1
    # via ipykernel
    # via jupyter-client
tqdm==4.66.4
    # via bhoonidhi-downloader
traitlets==5.14.3
    # via comm
    # via ipykernel
    # via ipython
    # via jupyter-client
    # via jupyter-core
    # via matplotlib-inline
typer==0.12.3
    # via bhoonidhi-downloader
typing-extensions==4.12.2
    # via ipython
    # via typer
tzdata==2024.1
    # via pandas
urllib3==2.2.2
    # via requests
wcwidth==0.2.13
    # via prompt-toolkit
